PODS:
  - CTCamera (0.1.0):
    - GPUImage (= 0.1.7)
  - GPUImage (0.1.7)

DEPENDENCIES:
  - CTCamera (from `../`)

EXTERNAL SOURCES:
  CTCamera:
    :path: ../

SPEC CHECKSUMS:
  CTCamera: 778f3316a38ad417fd36ec0b58c54f371319c77c
  GPUImage: 733a5f0fab92df9de1c37ba9df520a833ccb406d

COCOAPODS: 0.39.0
