PODS:
  - CTCamera (0.1.1):
    - CTCamera/categories (= 0.1.1)
    - CTCamera/configuration (= 0.1.1)
    - CTCamera/controller (= 0.1.1)
    - CTCamera/delegate (= 0.1.1)
    - CTCamera/managers (= 0.1.1)
    - CTCamera/views (= 0.1.1)
  - CTCamera/categories (0.1.1)
  - CTCamera/configuration (0.1.1)
  - CTCamera/controller (0.1.1):
    - CTCamera/views
  - CTCamera/delegate (0.1.1)
  - CTCamera/managers (0.1.1)
  - CTCamera/views (0.1.1):
    - CTCamera/categories
    - CTCamera/configuration
    - CTCamera/delegate
    - CTCamera/managers

DEPENDENCIES:
  - CTCamera (from `../`)

EXTERNAL SOURCES:
  CTCamera:
    :path: ../

SPEC CHECKSUMS:
  CTCamera: 45506db4e0225082d592c948bc6e6013fdc67782

COCOAPODS: 0.39.0
